// !$*UTF8*$!
{
	archiveVersion = 1;
	classes = {
	};
	objectVersion = 46;
	objects = {

/* Begin PBXBuildFile section */
		A41978541D24BF780053B3A6 /* AppDelegate.swift in Sources */ = {isa = PBXBuildFile; fileRef = A41978531D24BF780053B3A6 /* AppDelegate.swift */; };
		A419785C1D24BF780053B3A6 /* medTracker.xcdatamodeld in Sources */ = {isa = PBXBuildFile; fileRef = A419785A1D24BF780053B3A6 /* medTracker.xcdatamodeld */; };
		A419785E1D24BF780053B3A6 /* Assets.xcassets in Resources */ = {isa = PBXBuildFile; fileRef = A419785D1D24BF780053B3A6 /* Assets.xcassets */; };
		A41978611D24BF780053B3A6 /* LaunchScreen.storyboard in Resources */ = {isa = PBXBuildFile; fileRef = A419785F1D24BF780053B3A6 /* LaunchScreen.storyboard */; };
		A419786C1D24BF790053B3A6 /* medTrackerTests.swift in Sources */ = {isa = PBXBuildFile; fileRef = A419786B1D24BF790053B3A6 /* medTrackerTests.swift */; };
		A41978771D24BF790053B3A6 /* medTrackerUITests.swift in Sources */ = {isa = PBXBuildFile; fileRef = A41978761D24BF790053B3A6 /* medTrackerUITests.swift */; };
		A41978861D24BFD40053B3A6 /* Medicine+CoreDataProperties.swift in Sources */ = {isa = PBXBuildFile; fileRef = A41978841D24BFD40053B3A6 /* Medicine+CoreDataProperties.swift */; };
		A41978871D24BFD40053B3A6 /* Medicine.swift in Sources */ = {isa = PBXBuildFile; fileRef = A41978851D24BFD40053B3A6 /* Medicine.swift */; };
		A41978891D24C0510053B3A6 /* Main.storyboard in Resources */ = {isa = PBXBuildFile; fileRef = A41978881D24C0510053B3A6 /* Main.storyboard */; };
		A419788B1D24C30F0053B3A6 /* MainTVC.swift in Sources */ = {isa = PBXBuildFile; fileRef = A419788A1D24C30F0053B3A6 /* MainTVC.swift */; };
		A419788D1D24C3230053B3A6 /* TrackerRemindVC.swift in Sources */ = {isa = PBXBuildFile; fileRef = A419788C1D24C3230053B3A6 /* TrackerRemindVC.swift */; };
		A419788F1D24C33D0053B3A6 /* AddEditMedVC.swift in Sources */ = {isa = PBXBuildFile; fileRef = A419788E1D24C33D0053B3A6 /* AddEditMedVC.swift */; };
/* End PBXBuildFile section */

/* Begin PBXContainerItemProxy section */
		A41978681D24BF790053B3A6 /* PBXContainerItemProxy */ = {
			isa = PBXContainerItemProxy;
			containerPortal = A41978481D24BF780053B3A6 /* Project object */;
			proxyType = 1;
			remoteGlobalIDString = A419784F1D24BF780053B3A6;
			remoteInfo = medTracker;
		};
		A41978731D24BF790053B3A6 /* PBXContainerItemProxy */ = {
			isa = PBXContainerItemProxy;
			containerPortal = A41978481D24BF780053B3A6 /* Project object */;
			proxyType = 1;
			remoteGlobalIDString = A419784F1D24BF780053B3A6;
			remoteInfo = medTracker;
		};
/* End PBXContainerItemProxy section */

/* Begin PBXFileReference section */
		A41978501D24BF780053B3A6 /* medTracker.app */ = {isa = PBXFileReference; explicitFileType = wrapper.application; includeInIndex = 0; path = medTracker.app; sourceTree = BUILT_PRODUCTS_DIR; };
		A41978531D24BF780053B3A6 /* AppDelegate.swift */ = {isa = PBXFileReference; lastKnownFileType = sourcecode.swift; path = AppDelegate.swift; sourceTree = "<group>"; };
		A419785B1D24BF780053B3A6 /* medTracker.xcdatamodel */ = {isa = PBXFileReference; lastKnownFileType = wrapper.xcdatamodel; path = medTracker.xcdatamodel; sourceTree = "<group>"; };
		A419785D1D24BF780053B3A6 /* Assets.xcassets */ = {isa = PBXFileReference; lastKnownFileType = folder.assetcatalog; path = Assets.xcassets; sourceTree = "<group>"; };
		A41978601D24BF780053B3A6 /* Base */ = {isa = PBXFileReference; lastKnownFileType = file.storyboard; name = Base; path = Base.lproj/LaunchScreen.storyboard; sourceTree = "<group>"; };
		A41978621D24BF780053B3A6 /* Info.plist */ = {isa = PBXFileReference; lastKnownFileType = text.plist.xml; path = Info.plist; sourceTree = "<group>"; };
		A41978671D24BF790053B3A6 /* medTrackerTests.xctest */ = {isa = PBXFileReference; explicitFileType = wrapper.cfbundle; includeInIndex = 0; path = medTrackerTests.xctest; sourceTree = BUILT_PRODUCTS_DIR; };
		A419786B1D24BF790053B3A6 /* medTrackerTests.swift */ = {isa = PBXFileReference; lastKnownFileType = sourcecode.swift; path = medTrackerTests.swift; sourceTree = "<group>"; };
		A419786D1D24BF790053B3A6 /* Info.plist */ = {isa = PBXFileReference; lastKnownFileType = text.plist.xml; path = Info.plist; sourceTree = "<group>"; };
		A41978721D24BF790053B3A6 /* medTrackerUITests.xctest */ = {isa = PBXFileReference; explicitFileType = wrapper.cfbundle; includeInIndex = 0; path = medTrackerUITests.xctest; sourceTree = BUILT_PRODUCTS_DIR; };
		A41978761D24BF790053B3A6 /* medTrackerUITests.swift */ = {isa = PBXFileReference; lastKnownFileType = sourcecode.swift; path = medTrackerUITests.swift; sourceTree = "<group>"; };
		A41978781D24BF790053B3A6 /* Info.plist */ = {isa = PBXFileReference; lastKnownFileType = text.plist.xml; path = Info.plist; sourceTree = "<group>"; };
		A41978841D24BFD40053B3A6 /* Medicine+CoreDataProperties.swift */ = {isa = PBXFileReference; fileEncoding = 4; lastKnownFileType = sourcecode.swift; path = "Medicine+CoreDataProperties.swift"; sourceTree = "<group>"; };
		A41978851D24BFD40053B3A6 /* Medicine.swift */ = {isa = PBXFileReference; fileEncoding = 4; lastKnownFileType = sourcecode.swift; path = Medicine.swift; sourceTree = "<group>"; };
		A41978881D24C0510053B3A6 /* Main.storyboard */ = {isa = PBXFileReference; fileEncoding = 4; lastKnownFileType = file.storyboard; path = Main.storyboard; sourceTree = "<group>"; };
		A419788A1D24C30F0053B3A6 /* MainTVC.swift */ = {isa = PBXFileReference; fileEncoding = 4; lastKnownFileType = sourcecode.swift; path = MainTVC.swift; sourceTree = "<group>"; };
		A419788C1D24C3230053B3A6 /* TrackerRemindVC.swift */ = {isa = PBXFileReference; fileEncoding = 4; lastKnownFileType = sourcecode.swift; path = TrackerRemindVC.swift; sourceTree = "<group>"; };
		A419788E1D24C33D0053B3A6 /* AddEditMedVC.swift */ = {isa = PBXFileReference; fileEncoding = 4; lastKnownFileType = sourcecode.swift; path = AddEditMedVC.swift; sourceTree = "<group>"; };
/* End PBXFileReference section */

/* Begin PBXFrameworksBuildPhase section */
		A419784D1D24BF780053B3A6 /* Frameworks */ = {
			isa = PBXFrameworksBuildPhase;
			buildActionMask = 2147483647;
			files = (
			);
			runOnlyForDeploymentPostprocessing = 0;
		};
		A41978641D24BF790053B3A6 /* Frameworks */ = {
			isa = PBXFrameworksBuildPhase;
			buildActionMask = 2147483647;
			files = (
			);
			runOnlyForDeploymentPostprocessing = 0;
		};
		A419786F1D24BF790053B3A6 /* Frameworks */ = {
			isa = PBXFrameworksBuildPhase;
			buildActionMask = 2147483647;
			files = (
			);
			runOnlyForDeploymentPostprocessing = 0;
		};
/* End PBXFrameworksBuildPhase section */

/* Begin PBXGroup section */
		A41978471D24BF780053B3A6 = {
			isa = PBXGroup;
			children = (
				A41978841D24BFD40053B3A6 /* Medicine+CoreDataProperties.swift */,
				A41978851D24BFD40053B3A6 /* Medicine.swift */,
				A41978521D24BF780053B3A6 /* medTracker */,
				A419786A1D24BF790053B3A6 /* medTrackerTests */,
				A41978751D24BF790053B3A6 /* medTrackerUITests */,
				A41978511D24BF780053B3A6 /* Products */,
			);
			sourceTree = "<group>";
		};
		A41978511D24BF780053B3A6 /* Products */ = {
			isa = PBXGroup;
			children = (
				A41978501D24BF780053B3A6 /* medTracker.app */,
				A41978671D24BF790053B3A6 /* medTrackerTests.xctest */,
				A41978721D24BF790053B3A6 /* medTrackerUITests.xctest */,
			);
			name = Products;
			sourceTree = "<group>";
		};
		A41978521D24BF780053B3A6 /* medTracker */ = {
			isa = PBXGroup;
			children = (
				A41978531D24BF780053B3A6 /* AppDelegate.swift */,
				A419785D1D24BF780053B3A6 /* Assets.xcassets */,
				A41978881D24C0510053B3A6 /* Main.storyboard */,
				A419785F1D24BF780053B3A6 /* LaunchScreen.storyboard */,
				A41978621D24BF780053B3A6 /* Info.plist */,
				A419785A1D24BF780053B3A6 /* medTracker.xcdatamodeld */,
				A419788A1D24C30F0053B3A6 /* MainTVC.swift */,
				A419788C1D24C3230053B3A6 /* TrackerRemindVC.swift */,
				A419788E1D24C33D0053B3A6 /* AddEditMedVC.swift */,
			);
			path = medTracker;
			sourceTree = "<group>";
		};
		A419786A1D24BF790053B3A6 /* medTrackerTests */ = {
			isa = PBXGroup;
			children = (
				A419786B1D24BF790053B3A6 /* medTrackerTests.swift */,
				A419786D1D24BF790053B3A6 /* Info.plist */,
			);
			path = medTrackerTests;
			sourceTree = "<group>";
		};
		A41978751D24BF790053B3A6 /* medTrackerUITests */ = {
			isa = PBXGroup;
			children = (
				A41978761D24BF790053B3A6 /* medTrackerUITests.swift */,
				A41978781D24BF790053B3A6 /* Info.plist */,
			);
			path = medTrackerUITests;
			sourceTree = "<group>";
		};
/* End PBXGroup section */

/* Begin PBXNativeTarget section */
		A419784F1D24BF780053B3A6 /* medTracker */ = {
			isa = PBXNativeTarget;
			buildConfigurationList = A419787B1D24BF790053B3A6 /* Build configuration list for PBXNativeTarget "medTracker" */;
			buildPhases = (
				A419784C1D24BF780053B3A6 /* Sources */,
				A419784D1D24BF780053B3A6 /* Frameworks */,
				A419784E1D24BF780053B3A6 /* Resources */,
			);
			buildRules = (
			);
			dependencies = (
			);
			name = medTracker;
			productName = medTracker;
			productReference = A41978501D24BF780053B3A6 /* medTracker.app */;
			productType = "com.apple.product-type.application";
		};
		A41978661D24BF790053B3A6 /* medTrackerTests */ = {
			isa = PBXNativeTarget;
			buildConfigurationList = A419787E1D24BF790053B3A6 /* Build configuration list for PBXNativeTarget "medTrackerTests" */;
			buildPhases = (
				A41978631D24BF790053B3A6 /* Sources */,
				A41978641D24BF790053B3A6 /* Frameworks */,
				A41978651D24BF790053B3A6 /* Resources */,
			);
			buildRules = (
			);
			dependencies = (
				A41978691D24BF790053B3A6 /* PBXTargetDependency */,
			);
			name = medTrackerTests;
			productName = medTrackerTests;
			productReference = A41978671D24BF790053B3A6 /* medTrackerTests.xctest */;
			productType = "com.apple.product-type.bundle.unit-test";
		};
		A41978711D24BF790053B3A6 /* medTrackerUITests */ = {
			isa = PBXNativeTarget;
			buildConfigurationList = A41978811D24BF790053B3A6 /* Build configuration list for PBXNativeTarget "medTrackerUITests" */;
			buildPhases = (
				A419786E1D24BF790053B3A6 /* Sources */,
				A419786F1D24BF790053B3A6 /* Frameworks */,
				A41978701D24BF790053B3A6 /* Resources */,
			);
			buildRules = (
			);
			dependencies = (
				A41978741D24BF790053B3A6 /* PBXTargetDependency */,
			);
			name = medTrackerUITests;
			productName = medTrackerUITests;
			productReference = A41978721D24BF790053B3A6 /* medTrackerUITests.xctest */;
			productType = "com.apple.product-type.bundle.ui-testing";
		};
/* End PBXNativeTarget section */

/* Begin PBXProject section */
		A41978481D24BF780053B3A6 /* Project object */ = {
			isa = PBXProject;
			attributes = {
				LastSwiftUpdateCheck = 0730;
				LastUpgradeCheck = 0730;
				ORGANIZATIONNAME = "Angel Jimenez";
				TargetAttributes = {
					A419784F1D24BF780053B3A6 = {
						CreatedOnToolsVersion = 7.3.1;
						DevelopmentTeam = 53BMXP8A5V;
					};
					A41978661D24BF790053B3A6 = {
						CreatedOnToolsVersion = 7.3.1;
						TestTargetID = A419784F1D24BF780053B3A6;
					};
					A41978711D24BF790053B3A6 = {
						CreatedOnToolsVersion = 7.3.1;
						TestTargetID = A419784F1D24BF780053B3A6;
					};
				};
			};
			buildConfigurationList = A419784B1D24BF780053B3A6 /* Build configuration list for PBXProject "medTracker" */;
			compatibilityVersion = "Xcode 3.2";
			developmentRegion = English;
			hasScannedForEncodings = 0;
			knownRegions = (
				en,
				Base,
			);
			mainGroup = A41978471D24BF780053B3A6;
			productRefGroup = A41978511D24BF780053B3A6 /* Products */;
			projectDirPath = "";
			projectRoot = "";
			targets = (
				A419784F1D24BF780053B3A6 /* medTracker */,
				A41978661D24BF790053B3A6 /* medTrackerTests */,
				A41978711D24BF790053B3A6 /* medTrackerUITests */,
			);
		};
/* End PBXProject section */

/* Begin PBXResourcesBuildPhase section */
		A419784E1D24BF780053B3A6 /* Resources */ = {
			isa = PBXResourcesBuildPhase;
			buildActionMask = 2147483647;
			files = (
				A41978891D24C0510053B3A6 /* Main.storyboard in Resources */,
				A41978611D24BF780053B3A6 /* LaunchScreen.storyboard in Resources */,
				A419785E1D24BF780053B3A6 /* Assets.xcassets in Resources */,
			);
			runOnlyForDeploymentPostprocessing = 0;
		};
		A41978651D24BF790053B3A6 /* Resources */ = {
			isa = PBXResourcesBuildPhase;
			buildActionMask = 2147483647;
			files = (
			);
			runOnlyForDeploymentPostprocessing = 0;
		};
		A41978701D24BF790053B3A6 /* Resources */ = {
			isa = PBXResourcesBuildPhase;
			buildActionMask = 2147483647;
			files = (
			);
			runOnlyForDeploymentPostprocessing = 0;
		};
/* End PBXResourcesBuildPhase section */

/* Begin PBXSourcesBuildPhase section */
		A419784C1D24BF780053B3A6 /* Sources */ = {
			isa = PBXSourcesBuildPhase;
			buildActionMask = 2147483647;
			files = (
				A419785C1D24BF780053B3A6 /* medTracker.xcdatamodeld in Sources */,
				A41978871D24BFD40053B3A6 /* Medicine.swift in Sources */,
				A419788F1D24C33D0053B3A6 /* AddEditMedVC.swift in Sources */,
				A41978541D24BF780053B3A6 /* AppDelegate.swift in Sources */,
				A419788B1D24C30F0053B3A6 /* MainTVC.swift in Sources */,
				A419788D1D24C3230053B3A6 /* TrackerRemindVC.swift in Sources */,
				A41978861D24BFD40053B3A6 /* Medicine+CoreDataProperties.swift in Sources */,
			);
			runOnlyForDeploymentPostprocessing = 0;
		};
		A41978631D24BF790053B3A6 /* Sources */ = {
			isa = PBXSourcesBuildPhase;
			buildActionMask = 2147483647;
			files = (
				A419786C1D24BF790053B3A6 /* medTrackerTests.swift in Sources */,
			);
			runOnlyForDeploymentPostprocessing = 0;
		};
		A419786E1D24BF790053B3A6 /* Sources */ = {
			isa = PBXSourcesBuildPhase;
			buildActionMask = 2147483647;
			files = (
				A41978771D24BF790053B3A6 /* medTrackerUITests.swift in Sources */,
			);
			runOnlyForDeploymentPostprocessing = 0;
		};
/* End PBXSourcesBuildPhase section */

/* Begin PBXTargetDependency section */
		A41978691D24BF790053B3A6 /* PBXTargetDependency */ = {
			isa = PBXTargetDependency;
			target = A419784F1D24BF780053B3A6 /* medTracker */;
			targetProxy = A41978681D24BF790053B3A6 /* PBXContainerItemProxy */;
		};
		A41978741D24BF790053B3A6 /* PBXTargetDependency */ = {
			isa = PBXTargetDependency;
			target = A419784F1D24BF780053B3A6 /* medTracker */;
			targetProxy = A41978731D24BF790053B3A6 /* PBXContainerItemProxy */;
		};
/* End PBXTargetDependency section */

/* Begin PBXVariantGroup section */
		A419785F1D24BF780053B3A6 /* LaunchScreen.storyboard */ = {
			isa = PBXVariantGroup;
			children = (
				A41978601D24BF780053B3A6 /* Base */,
			);
			name = LaunchScreen.storyboard;
			sourceTree = "<group>";
		};
/* End PBXVariantGroup section */

/* Begin XCBuildConfiguration section */
		A41978791D24BF790053B3A6 /* Debug */ = {
			isa = XCBuildConfiguration;
			buildSettings = {
				ALWAYS_SEARCH_USER_PATHS = NO;
				CLANG_ANALYZER_NONNULL = YES;
				CLANG_CXX_LANGUAGE_STANDARD = "gnu++0x";
				CLANG_CXX_LIBRARY = "libc++";
				CLANG_ENABLE_MODULES = YES;
				CLANG_ENABLE_OBJC_ARC = YES;
				CLANG_WARN_BOOL_CONVERSION = YES;
				CLANG_WARN_CONSTANT_CONVERSION = YES;
				CLANG_WARN_DIRECT_OBJC_ISA_USAGE = YES_ERROR;
				CLANG_WARN_EMPTY_BODY = YES;
				CLANG_WARN_ENUM_CONVERSION = YES;
				CLANG_WARN_INT_CONVERSION = YES;
				CLANG_WARN_OBJC_ROOT_CLASS = YES_ERROR;
				CLANG_WARN_UNREACHABLE_CODE = YES;
				CLANG_WARN__DUPLICATE_METHOD_MATCH = YES;
				"CODE_SIGN_IDENTITY[sdk=iphoneos*]" = "iPhone Developer";
				COPY_PHASE_STRIP = NO;
				DEBUG_INFORMATION_FORMAT = dwarf;
				ENABLE_STRICT_OBJC_MSGSEND = YES;
				ENABLE_TESTABILITY = YES;
				GCC_C_LANGUAGE_STANDARD = gnu99;
				GCC_DYNAMIC_NO_PIC = NO;
				GCC_NO_COMMON_BLOCKS = YES;
				GCC_OPTIMIZATION_LEVEL = 0;
				GCC_PREPROCESSOR_DEFINITIONS = (
					"DEBUG=1",
					"$(inherited)",
				);
				GCC_WARN_64_TO_32_BIT_CONVERSION = YES;
				GCC_WARN_ABOUT_RETURN_TYPE = YES_ERROR;
				GCC_WARN_UNDECLARED_SELECTOR = YES;
				GCC_WARN_UNINITIALIZED_AUTOS = YES_AGGRESSIVE;
				GCC_WARN_UNUSED_FUNCTION = YES;
				GCC_WARN_UNUSED_VARIABLE = YES;
				IPHONEOS_DEPLOYMENT_TARGET = 9.3;
				MTL_ENABLE_DEBUG_INFO = YES;
				ONLY_ACTIVE_ARCH = YES;
				SDKROOT = iphoneos;
				SWIFT_OPTIMIZATION_LEVEL = "-Onone";
				TARGETED_DEVICE_FAMILY = "1,2";
			};
			name = Debug;
		};
		A419787A1D24BF790053B3A6 /* Release */ = {
			isa = XCBuildConfiguration;
			buildSettings = {
				ALWAYS_SEARCH_USER_PATHS = NO;
				CLANG_ANALYZER_NONNULL = YES;
				CLANG_CXX_LANGUAGE_STANDARD = "gnu++0x";
				CLANG_CXX_LIBRARY = "libc++";
				CLANG_ENABLE_MODULES = YES;
				CLANG_ENABLE_OBJC_ARC = YES;
				CLANG_WARN_BOOL_CONVERSION = YES;
				CLANG_WARN_CONSTANT_CONVERSION = YES;
				CLANG_WARN_DIRECT_OBJC_ISA_USAGE = YES_ERROR;
				CLANG_WARN_EMPTY_BODY = YES;
				CLANG_WARN_ENUM_CONVERSION = YES;
				CLANG_WARN_INT_CONVERSION = YES;
				CLANG_WARN_OBJC_ROOT_CLASS = YES_ERROR;
				CLANG_WARN_UNREACHABLE_CODE = YES;
				CLANG_WARN__DUPLICATE_METHOD_MATCH = YES;
				"CODE_SIGN_IDENTITY[sdk=iphoneos*]" = "iPhone Developer";
				COPY_PHASE_STRIP = NO;
				DEBUG_INFORMATION_FORMAT = "dwarf-with-dsym";
				ENABLE_NS_ASSERTIONS = NO;
				ENABLE_STRICT_OBJC_MSGSEND = YES;
				GCC_C_LANGUAGE_STANDARD = gnu99;
				GCC_NO_COMMON_BLOCKS = YES;
				GCC_WARN_64_TO_32_BIT_CONVERSION = YES;
				GCC_WARN_ABOUT_RETURN_TYPE = YES_ERROR;
				GCC_WARN_UNDECLARED_SELECTOR = YES;
				GCC_WARN_UNINITIALIZED_AUTOS = YES_AGGRESSIVE;
				GCC_WARN_UNUSED_FUNCTION = YES;
				GCC_WARN_UNUSED_VARIABLE = YES;
				IPHONEOS_DEPLOYMENT_TARGET = 9.3;
				MTL_ENABLE_DEBUG_INFO = NO;
				SDKROOT = iphoneos;
				TARGETED_DEVICE_FAMILY = "1,2";
				VALIDATE_PRODUCT = YES;
			};
			name = Release;
		};
		A419787C1D24BF790053B3A6 /* Debug */ = {
			isa = XCBuildConfiguration;
			buildSettings = {
				ASSETCATALOG_COMPILER_APPICON_NAME = AppIcon;
				CODE_SIGN_IDENTITY = "iPhone Developer";
				"CODE_SIGN_IDENTITY[sdk=iphoneos*]" = "iPhone Developer";
				INFOPLIST_FILE = medTracker/Info.plist;
				IPHONEOS_DEPLOYMENT_TARGET = 9.2;
				LD_RUNPATH_SEARCH_PATHS = "$(inherited) @executable_path/Frameworks";
				PRODUCT_BUNDLE_IDENTIFIER = com.aJimmer.medTracker;
				PRODUCT_NAME = "$(TARGET_NAME)";
				PROVISIONING_PROFILE = "";
			};
			name = Debug;
		};
		A419787D1D24BF790053B3A6 /* Release */ = {
			isa = XCBuildConfiguration;
			buildSettings = {
				ASSETCATALOG_COMPILER_APPICON_NAME = AppIcon;
				CODE_SIGN_IDENTITY = "iPhone Developer";
				"CODE_SIGN_IDENTITY[sdk=iphoneos*]" = "iPhone Developer";
				INFOPLIST_FILE = medTracker/Info.plist;
				IPHONEOS_DEPLOYMENT_TARGET = 9.2;
				LD_RUNPATH_SEARCH_PATHS = "$(inherited) @executable_path/Frameworks";
				PRODUCT_BUNDLE_IDENTIFIER = com.aJimmer.medTracker;
				PRODUCT_NAME = "$(TARGET_NAME)";
				PROVISIONING_PROFILE = "";
			};
			name = Release;
		};
		A419787F1D24BF790053B3A6 /* Debug */ = {
			isa = XCBuildConfiguration;
			buildSettings = {
				BUNDLE_LOADER = "$(TEST_HOST)";
				INFOPLIST_FILE = medTrackerTests/Info.plist;
				LD_RUNPATH_SEARCH_PATHS = "$(inherited) @executable_path/Frameworks @loader_path/Frameworks";
				PRODUCT_BUNDLE_IDENTIFIER = com.aJimmer.medTrackerTests;
				PRODUCT_NAME = "$(TARGET_NAME)";
				TEST_HOST = "$(BUILT_PRODUCTS_DIR)/medTracker.app/medTracker";
			};
			name = Debug;
		};
		A41978801D24BF790053B3A6 /* Release */ = {
			isa = XCBuildConfiguration;
			buildSettings = {
				BUNDLE_LOADER = "$(TEST_HOST)";
				INFOPLIST_FILE = medTrackerTests/Info.plist;
				LD_RUNPATH_SEARCH_PATHS = "$(inherited) @executable_path/Frameworks @loader_path/Frameworks";
				PRODUCT_BUNDLE_IDENTIFIER = com.aJimmer.medTrackerTests;
				PRODUCT_NAME = "$(TARGET_NAME)";
				TEST_HOST = "$(BUILT_PRODUCTS_DIR)/medTracker.app/medTracker";
			};
			name = Release;
		};
		A41978821D24BF790053B3A6 /* Debug */ = {
			isa = XCBuildConfiguration;
			buildSettings = {
				INFOPLIST_FILE = medTrackerUITests/Info.plist;
				LD_RUNPATH_SEARCH_PATHS = "$(inherited) @executable_path/Frameworks @loader_path/Frameworks";
				PRODUCT_BUNDLE_IDENTIFIER = com.aJimmer.medTrackerUITests;
				PRODUCT_NAME = "$(TARGET_NAME)";
				TEST_TARGET_NAME = medTracker;
			};
			name = Debug;
		};
		A41978831D24BF790053B3A6 /* Release */ = {
			isa = XCBuildConfiguration;
			buildSettings = {
				INFOPLIST_FILE = medTrackerUITests/Info.plist;
				LD_RUNPATH_SEARCH_PATHS = "$(inherited) @executable_path/Frameworks @loader_path/Frameworks";
				PRODUCT_BUNDLE_IDENTIFIER = com.aJimmer.medTrackerUITests;
				PRODUCT_NAME = "$(TARGET_NAME)";
				TEST_TARGET_NAME = medTracker;
			};
			name = Release;
		};
/* End XCBuildConfiguration section */

/* Begin XCConfigurationList section */
		A419784B1D24BF780053B3A6 /* Build configuration list for PBXProject "medTracker" */ = {
			isa = XCConfigurationList;
			buildConfigurations = (
				A41978791D24BF790053B3A6 /* Debug */,
				A419787A1D24BF790053B3A6 /* Release */,
			);
			defaultConfigurationIsVisible = 0;
			defaultConfigurationName = Release;
		};
		A419787B1D24BF790053B3A6 /* Build configuration list for PBXNativeTarget "medTracker" */ = {
			isa = XCConfigurationList;
			buildConfigurations = (
				A419787C1D24BF790053B3A6 /* Debug */,
				A419787D1D24BF790053B3A6 /* Release */,
			);
			defaultConfigurationIsVisible = 0;
			defaultConfigurationName = Release;
		};
		A419787E1D24BF790053B3A6 /* Build configuration list for PBXNativeTarget "medTrackerTests" */ = {
			isa = XCConfigurationList;
			buildConfigurations = (
				A419787F1D24BF790053B3A6 /* Debug */,
				A41978801D24BF790053B3A6 /* Release */,
			);
			defaultConfigurationIsVisible = 0;
			defaultConfigurationName = Release;
		};
		A41978811D24BF790053B3A6 /* Build configuration list for PBXNativeTarget "medTrackerUITests" */ = {
			isa = XCConfigurationList;
			buildConfigurations = (
				A41978821D24BF790053B3A6 /* Debug */,
				A41978831D24BF790053B3A6 /* Release */,
			);
			defaultConfigurationIsVisible = 0;
			defaultConfigurationName = Release;
		};
/* End XCConfigurationList section */

/* Begin XCVersionGroup section */
		A419785A1D24BF780053B3A6 /* medTracker.xcdatamodeld */ = {
			isa = XCVersionGroup;
			children = (
				A419785B1D24BF780053B3A6 /* medTracker.xcdatamodel */,
			);
			currentVersion = A419785B1D24BF780053B3A6 /* medTracker.xcdatamodel */;
			path = medTracker.xcdatamodeld;
			sourceTree = "<group>";
			versionGroupType = wrapper.xcdatamodel;
		};
/* End XCVersionGroup section */
	};
	rootObject = A41978481D24BF780053B3A6 /* Project object */;
}
